
Microsoft Visual Studio Solution File, Format Version 12.00
# Visual Studio 2013
VisualStudioVersion = 12.0.0.0
MinimumVisualStudioVersion = 10.0.0.1
Project("{FAE04EC0-301F-11D3-BF4B-00C04F79EFBC}") = "DDBMSP.Grains", "DDBMSP.Grains\DDBMSP.Grains.csproj", "{E6AF04C0-519A-4F98-9CB5-0DBA72EDB251}"
EndProject
Project("{FAE04EC0-301F-11D3-BF4B-00C04F79EFBC}") = "DDBMSP.Interfaces", "DDBMSP.Interfaces\DDBMSP.Interfaces.csproj", "{04683BAF-B9CB-46DA-B072-FF6BF9DADF4A}"
EndProject
Project("{FAE04EC0-301F-11D3-BF4B-00C04F79EFBC}") = "DDBMSP.Silo", "DDBMSP.Silo\DDBMSP.Silo.csproj", "{A41653F0-8A0C-49B4-95E3-B387A8A64925}"
EndProject
Project("{FAE04EC0-301F-11D3-BF4B-00C04F79EFBC}") = "DDBMSP.TestClient", "DDBMSP.TestClient\DDBMSP.TestClient.csproj", "{B54A55C7-FBB3-4D81-8BEA-333292AB748C}"
EndProject
Project("{FAE04EC0-301F-11D3-BF4B-00C04F79EFBC}") = "DDBMSP.Frontend.Web", "DDBMSP.Frontend.Web\DDBMSP.Frontend.Web.csproj", "{6573A74F-F5FD-428E-AD1B-B13D77AA6B5B}"
EndProject
Project("{FAE04EC0-301F-11D3-BF4B-00C04F79EFBC}") = "DDBMSP.CLI", "DDBMSP.CLI\DDBMSP.CLI.csproj", "{837AAE62-12DD-491A-BA14-EDDA181401EF}"
EndProject
Global
	GlobalSection(SolutionConfigurationPlatforms) = preSolution
		Debug|x64 = Debug|x64
		Release|x64 = Release|x64
	EndGlobalSection
	GlobalSection(ProjectConfigurationPlatforms) = postSolution
		{E6AF04C0-519A-4F98-9CB5-0DBA72EDB251}.Debug|x64.ActiveCfg = Debug|x64
		{E6AF04C0-519A-4F98-9CB5-0DBA72EDB251}.Debug|x64.Build.0 = Debug|x64
		{E6AF04C0-519A-4F98-9CB5-0DBA72EDB251}.Release|x64.ActiveCfg = Release|x64
		{E6AF04C0-519A-4F98-9CB5-0DBA72EDB251}.Release|x64.Build.0 = Release|x64
		{04683BAF-B9CB-46DA-B072-FF6BF9DADF4A}.Debug|x64.ActiveCfg = Debug|x64
		{04683BAF-B9CB-46DA-B072-FF6BF9DADF4A}.Debug|x64.Build.0 = Debug|x64
		{04683BAF-B9CB-46DA-B072-FF6BF9DADF4A}.Release|x64.ActiveCfg = Release|x64
		{04683BAF-B9CB-46DA-B072-FF6BF9DADF4A}.Release|x64.Build.0 = Release|x64
		{A41653F0-8A0C-49B4-95E3-B387A8A64925}.Debug|x64.ActiveCfg = Debug|x64
		{A41653F0-8A0C-49B4-95E3-B387A8A64925}.Debug|x64.Build.0 = Debug|x64
		{A41653F0-8A0C-49B4-95E3-B387A8A64925}.Release|x64.ActiveCfg = Release|x64
		{A41653F0-8A0C-49B4-95E3-B387A8A64925}.Release|x64.Build.0 = Release|x64
		{B54A55C7-FBB3-4D81-8BEA-333292AB748C}.Debug|x64.ActiveCfg = Debug|x64
		{B54A55C7-FBB3-4D81-8BEA-333292AB748C}.Debug|x64.Build.0 = Debug|x64
		{B54A55C7-FBB3-4D81-8BEA-333292AB748C}.Release|x64.ActiveCfg = Release|x64
		{B54A55C7-FBB3-4D81-8BEA-333292AB748C}.Release|x64.Build.0 = Release|x64
		{6573A74F-F5FD-428E-AD1B-B13D77AA6B5B}.Debug|x64.ActiveCfg = Debug|x64
		{6573A74F-F5FD-428E-AD1B-B13D77AA6B5B}.Debug|x64.Build.0 = Debug|x64
		{6573A74F-F5FD-428E-AD1B-B13D77AA6B5B}.Release|x64.ActiveCfg = Release|x64
		{6573A74F-F5FD-428E-AD1B-B13D77AA6B5B}.Release|x64.Build.0 = Release|x64
		{837AAE62-12DD-491A-BA14-EDDA181401EF}.Debug|x64.ActiveCfg = Debug|x64
		{837AAE62-12DD-491A-BA14-EDDA181401EF}.Debug|x64.Build.0 = Debug|x64
		{837AAE62-12DD-491A-BA14-EDDA181401EF}.Release|x64.ActiveCfg = Release|x64
		{837AAE62-12DD-491A-BA14-EDDA181401EF}.Release|x64.Build.0 = Release|x64
	EndGlobalSection
	GlobalSection(SolutionProperties) = preSolution
		HideSolutionNode = FALSE
	EndGlobalSection
EndGlobal
